
Microsoft Visual Studio Solution File, Format Version 12.00
# Visual Studio Version 16
VisualStudioVersion = 16.0.30225.117
MinimumVisualStudioVersion = 10.0.40219.1
Project("{FAE04EC0-301F-11D3-BF4B-00C04F79EFBC}") = "DatingApp.API", "DatingApp.API\DatingApp.API.csproj", "{AE9B77BF-4555-45D0-B7EF-BB5200514109}"
EndProject
Global
	GlobalSection(SolutionConfigurationPlatforms) = preSolution
		Debug|Any CPU = Debug|Any CPU
		Release|Any CPU = Release|Any CPU
	EndGlobalSection
	GlobalSection(ProjectConfigurationPlatforms) = postSolution
		{AE9B77BF-4555-45D0-B7EF-BB5200514109}.Debug|Any CPU.ActiveCfg = Debug|Any CPU
		{AE9B77BF-4555-45D0-B7EF-BB5200514109}.Debug|Any CPU.Build.0 = Debug|Any CPU
		{AE9B77BF-4555-45D0-B7EF-BB5200514109}.Release|Any CPU.ActiveCfg = Release|Any CPU
		{AE9B77BF-4555-45D0-B7EF-BB5200514109}.Release|Any CPU.Build.0 = Release|Any CPU
	EndGlobalSection
	GlobalSection(SolutionProperties) = preSolution
		HideSolutionNode = FALSE
	EndGlobalSection
	GlobalSection(ExtensibilityGlobals) = postSolution
		SolutionGuid = {87630592-869C-4738-8351-EF6DF601B93F}
	EndGlobalSection
EndGlobal
